// !$*UTF8*$!
{
	archiveVersion = 1;
	classes = {
	};
	objectVersion = 46;
	objects = {

/* Begin PBXBuildFile section */
		7933D18E1D6AA2FC005A8AAA /* main.m in Sources */ = {isa = PBXBuildFile; fileRef = 7933D18D1D6AA2FC005A8AAA /* main.m */; };
		7933D1911D6AA2FC005A8AAA /* AppDelegate.m in Sources */ = {isa = PBXBuildFile; fileRef = 7933D1901D6AA2FC005A8AAA /* AppDelegate.m */; };
		7933D1941D6AA2FC005A8AAA /* ViewController.m in Sources */ = {isa = PBXBuildFile; fileRef = 7933D1931D6AA2FC005A8AAA /* ViewController.m */; };
		7933D1971D6AA2FC005A8AAA /* Main.storyboard in Resources */ = {isa = PBXBuildFile; fileRef = 7933D1951D6AA2FC005A8AAA /* Main.storyboard */; };
		7933D1991D6AA2FC005A8AAA /* Assets.xcassets in Resources */ = {isa = PBXBuildFile; fileRef = 7933D1981D6AA2FC005A8AAA /* Assets.xcassets */; };
		7933D19C1D6AA2FC005A8AAA /* LaunchScreen.storyboard in Resources */ = {isa = PBXBuildFile; fileRef = 7933D19A1D6AA2FC005A8AAA /* LaunchScreen.storyboard */; };
		7933D1A71D6AA2FC005A8AAA /* dirgeTests.m in Sources */ = {isa = PBXBuildFile; fileRef = 7933D1A61D6AA2FC005A8AAA /* dirgeTests.m */; };
		7933D1B21D6AA2FC005A8AAA /* dirgeUITests.m in Sources */ = {isa = PBXBuildFile; fileRef = 7933D1B11D6AA2FC005A8AAA /* dirgeUITests.m */; };
		AFF06529FF9E492BB8FF340C /* libPods.a in Frameworks */ = {isa = PBXBuildFile; fileRef = 46848727F751ED00A3D7BB7D /* libPods.a */; };
/* End PBXBuildFile section */

/* Begin PBXContainerItemProxy section */
		7933D1A31D6AA2FC005A8AAA /* PBXContainerItemProxy */ = {
			isa = PBXContainerItemProxy;
			containerPortal = 7933D1811D6AA2FC005A8AAA /* Project object */;
			proxyType = 1;
			remoteGlobalIDString = 7933D1881D6AA2FC005A8AAA;
			remoteInfo = dirge;
		};
		7933D1AE1D6AA2FC005A8AAA /* PBXContainerItemProxy */ = {
			isa = PBXContainerItemProxy;
			containerPortal = 7933D1811D6AA2FC005A8AAA /* Project object */;
			proxyType = 1;
			remoteGlobalIDString = 7933D1881D6AA2FC005A8AAA;
			remoteInfo = dirge;
		};
/* End PBXContainerItemProxy section */

/* Begin PBXFileReference section */
		46848727F751ED00A3D7BB7D /* libPods.a */ = {isa = PBXFileReference; explicitFileType = archive.ar; includeInIndex = 0; path = libPods.a; sourceTree = BUILT_PRODUCTS_DIR; };
		46F69768021909FC4AC054E4 /* Pods.debug.xcconfig */ = {isa = PBXFileReference; includeInIndex = 1; lastKnownFileType = text.xcconfig; name = Pods.debug.xcconfig; path = "Pods/Target Support Files/Pods/Pods.debug.xcconfig"; sourceTree = "<group>"; };
		7933D1891D6AA2FC005A8AAA /* dirge.app */ = {isa = PBXFileReference; explicitFileType = wrapper.application; includeInIndex = 0; path = dirge.app; sourceTree = BUILT_PRODUCTS_DIR; };
		7933D18D1D6AA2FC005A8AAA /* main.m */ = {isa = PBXFileReference; lastKnownFileType = sourcecode.c.objc; path = main.m; sourceTree = "<group>"; };
		7933D18F1D6AA2FC005A8AAA /* AppDelegate.h */ = {isa = PBXFileReference; lastKnownFileType = sourcecode.c.h; path = AppDelegate.h; sourceTree = "<group>"; };
		7933D1901D6AA2FC005A8AAA /* AppDelegate.m */ = {isa = PBXFileReference; lastKnownFileType = sourcecode.c.objc; path = AppDelegate.m; sourceTree = "<group>"; };
		7933D1921D6AA2FC005A8AAA /* ViewController.h */ = {isa = PBXFileReference; lastKnownFileType = sourcecode.c.h; path = ViewController.h; sourceTree = "<group>"; };
		7933D1931D6AA2FC005A8AAA /* ViewController.m */ = {isa = PBXFileReference; lastKnownFileType = sourcecode.c.objc; path = ViewController.m; sourceTree = "<group>"; };
		7933D1961D6AA2FC005A8AAA /* Base */ = {isa = PBXFileReference; lastKnownFileType = file.storyboard; name = Base; path = Base.lproj/Main.storyboard; sourceTree = "<group>"; };
		7933D1981D6AA2FC005A8AAA /* Assets.xcassets */ = {isa = PBXFileReference; lastKnownFileType = folder.assetcatalog; path = Assets.xcassets; sourceTree = "<group>"; };
		7933D19B1D6AA2FC005A8AAA /* Base */ = {isa = PBXFileReference; lastKnownFileType = file.storyboard; name = Base; path = Base.lproj/LaunchScreen.storyboard; sourceTree = "<group>"; };
		7933D19D1D6AA2FC005A8AAA /* Info.plist */ = {isa = PBXFileReference; lastKnownFileType = text.plist.xml; path = Info.plist; sourceTree = "<group>"; };
		7933D1A21D6AA2FC005A8AAA /* dirgeTests.xctest */ = {isa = PBXFileReference; explicitFileType = wrapper.cfbundle; includeInIndex = 0; path = dirgeTests.xctest; sourceTree = BUILT_PRODUCTS_DIR; };
		7933D1A61D6AA2FC005A8AAA /* dirgeTests.m */ = {isa = PBXFileReference; lastKnownFileType = sourcecode.c.objc; path = dirgeTests.m; sourceTree = "<group>"; };
		7933D1A81D6AA2FC005A8AAA /* Info.plist */ = {isa = PBXFileReference; lastKnownFileType = text.plist.xml; path = Info.plist; sourceTree = "<group>"; };
		7933D1AD1D6AA2FC005A8AAA /* dirgeUITests.xctest */ = {isa = PBXFileReference; explicitFileType = wrapper.cfbundle; includeInIndex = 0; path = dirgeUITests.xctest; sourceTree = BUILT_PRODUCTS_DIR; };
		7933D1B11D6AA2FC005A8AAA /* dirgeUITests.m */ = {isa = PBXFileReference; lastKnownFileType = sourcecode.c.objc; path = dirgeUITests.m; sourceTree = "<group>"; };
		7933D1B31D6AA2FC005A8AAA /* Info.plist */ = {isa = PBXFileReference; lastKnownFileType = text.plist.xml; path = Info.plist; sourceTree = "<group>"; };
		D5885E61B6A160A11E254BC1 /* Pods.release.xcconfig */ = {isa = PBXFileReference; includeInIndex = 1; lastKnownFileType = text.xcconfig; name = Pods.release.xcconfig; path = "Pods/Target Support Files/Pods/Pods.release.xcconfig"; sourceTree = "<group>"; };
/* End PBXFileReference section */

/* Begin PBXFrameworksBuildPhase section */
		7933D1861D6AA2FC005A8AAA /* Frameworks */ = {
			isa = PBXFrameworksBuildPhase;
			buildActionMask = 2147483647;
			files = (
				AFF06529FF9E492BB8FF340C /* libPods.a in Frameworks */,
			);
			runOnlyForDeploymentPostprocessing = 0;
		};
		7933D19F1D6AA2FC005A8AAA /* Frameworks */ = {
			isa = PBXFrameworksBuildPhase;
			buildActionMask = 2147483647;
			files = (
			);
			runOnlyForDeploymentPostprocessing = 0;
		};
		7933D1AA1D6AA2FC005A8AAA /* Frameworks */ = {
			isa = PBXFrameworksBuildPhase;
			buildActionMask = 2147483647;
			files = (
			);
			runOnlyForDeploymentPostprocessing = 0;
		};
/* End PBXFrameworksBuildPhase section */

/* Begin PBXGroup section */
		790429BEA385C5B3C4469DB2 /* Frameworks */ = {
			isa = PBXGroup;
			children = (
				46848727F751ED00A3D7BB7D /* libPods.a */,
			);
			name = Frameworks;
			sourceTree = "<group>";
		};
		7933D1801D6AA2FC005A8AAA = {
			isa = PBXGroup;
			children = (
				7933D18B1D6AA2FC005A8AAA /* dirge */,
				7933D1A51D6AA2FC005A8AAA /* dirgeTests */,
				7933D1B01D6AA2FC005A8AAA /* dirgeUITests */,
				7933D18A1D6AA2FC005A8AAA /* Products */,
				D813BDD27152BE1CA0A88FF8 /* Pods */,
				790429BEA385C5B3C4469DB2 /* Frameworks */,
			);
			sourceTree = "<group>";
		};
		7933D18A1D6AA2FC005A8AAA /* Products */ = {
			isa = PBXGroup;
			children = (
				7933D1891D6AA2FC005A8AAA /* dirge.app */,
				7933D1A21D6AA2FC005A8AAA /* dirgeTests.xctest */,
				7933D1AD1D6AA2FC005A8AAA /* dirgeUITests.xctest */,
			);
			name = Products;
			sourceTree = "<group>";
		};
		7933D18B1D6AA2FC005A8AAA /* dirge */ = {
			isa = PBXGroup;
			children = (
				7933D18F1D6AA2FC005A8AAA /* AppDelegate.h */,
				7933D1901D6AA2FC005A8AAA /* AppDelegate.m */,
				7933D1921D6AA2FC005A8AAA /* ViewController.h */,
				7933D1931D6AA2FC005A8AAA /* ViewController.m */,
				7933D1951D6AA2FC005A8AAA /* Main.storyboard */,
				7933D1981D6AA2FC005A8AAA /* Assets.xcassets */,
				7933D19A1D6AA2FC005A8AAA /* LaunchScreen.storyboard */,
				7933D19D1D6AA2FC005A8AAA /* Info.plist */,
				7933D18C1D6AA2FC005A8AAA /* Supporting Files */,
			);
			path = dirge;
			sourceTree = "<group>";
		};
		7933D18C1D6AA2FC005A8AAA /* Supporting Files */ = {
			isa = PBXGroup;
			children = (
				7933D18D1D6AA2FC005A8AAA /* main.m */,
			);
			name = "Supporting Files";
			sourceTree = "<group>";
		};
		7933D1A51D6AA2FC005A8AAA /* dirgeTests */ = {
			isa = PBXGroup;
			children = (
				7933D1A61D6AA2FC005A8AAA /* dirgeTests.m */,
				7933D1A81D6AA2FC005A8AAA /* Info.plist */,
			);
			path = dirgeTests;
			sourceTree = "<group>";
		};
		7933D1B01D6AA2FC005A8AAA /* dirgeUITests */ = {
			isa = PBXGroup;
			children = (
				7933D1B11D6AA2FC005A8AAA /* dirgeUITests.m */,
				7933D1B31D6AA2FC005A8AAA /* Info.plist */,
			);
			path = dirgeUITests;
			sourceTree = "<group>";
		};
		D813BDD27152BE1CA0A88FF8 /* Pods */ = {
			isa = PBXGroup;
			children = (
				46F69768021909FC4AC054E4 /* Pods.debug.xcconfig */,
				D5885E61B6A160A11E254BC1 /* Pods.release.xcconfig */,
			);
			name = Pods;
			sourceTree = "<group>";
		};
/* End PBXGroup section */

/* Begin PBXNativeTarget section */
		7933D1881D6AA2FC005A8AAA /* dirge */ = {
			isa = PBXNativeTarget;
			buildConfigurationList = 7933D1B61D6AA2FC005A8AAA /* Build configuration list for PBXNativeTarget "dirge" */;
			buildPhases = (
				19DBB3081516520A31E0D9E5 /* Check Pods Manifest.lock */,
				7933D1851D6AA2FC005A8AAA /* Sources */,
				7933D1861D6AA2FC005A8AAA /* Frameworks */,
				7933D1871D6AA2FC005A8AAA /* Resources */,
				B9D4DB7052D7C9A76D90E566 /* Embed Pods Frameworks */,
				681E8468BEBDF1C6C10C2ADE /* Copy Pods Resources */,
			);
			buildRules = (
			);
			dependencies = (
			);
			name = dirge;
			productName = dirge;
			productReference = 7933D1891D6AA2FC005A8AAA /* dirge.app */;
			productType = "com.apple.product-type.application";
		};
		7933D1A11D6AA2FC005A8AAA /* dirgeTests */ = {
			isa = PBXNativeTarget;
			buildConfigurationList = 7933D1B91D6AA2FC005A8AAA /* Build configuration list for PBXNativeTarget "dirgeTests" */;
			buildPhases = (
				7933D19E1D6AA2FC005A8AAA /* Sources */,
				7933D19F1D6AA2FC005A8AAA /* Frameworks */,
				7933D1A01D6AA2FC005A8AAA /* Resources */,
			);
			buildRules = (
			);
			dependencies = (
				7933D1A41D6AA2FC005A8AAA /* PBXTargetDependency */,
			);
			name = dirgeTests;
			productName = dirgeTests;
			productReference = 7933D1A21D6AA2FC005A8AAA /* dirgeTests.xctest */;
			productType = "com.apple.product-type.bundle.unit-test";
		};
		7933D1AC1D6AA2FC005A8AAA /* dirgeUITests */ = {
			isa = PBXNativeTarget;
			buildConfigurationList = 7933D1BC1D6AA2FC005A8AAA /* Build configuration list for PBXNativeTarget "dirgeUITests" */;
			buildPhases = (
				7933D1A91D6AA2FC005A8AAA /* Sources */,
				7933D1AA1D6AA2FC005A8AAA /* Frameworks */,
				7933D1AB1D6AA2FC005A8AAA /* Resources */,
			);
			buildRules = (
			);
			dependencies = (
				7933D1AF1D6AA2FC005A8AAA /* PBXTargetDependency */,
			);
			name = dirgeUITests;
			productName = dirgeUITests;
			productReference = 7933D1AD1D6AA2FC005A8AAA /* dirgeUITests.xctest */;
			productType = "com.apple.product-type.bundle.ui-testing";
		};
/* End PBXNativeTarget section */

/* Begin PBXProject section */
		7933D1811D6AA2FC005A8AAA /* Project object */ = {
			isa = PBXProject;
			attributes = {
				LastUpgradeCheck = 0730;
				ORGANIZATIONNAME = "唐天成";
				TargetAttributes = {
					7933D1881D6AA2FC005A8AAA = {
						CreatedOnToolsVersion = 7.3.1;
					};
					7933D1A11D6AA2FC005A8AAA = {
						CreatedOnToolsVersion = 7.3.1;
						TestTargetID = 7933D1881D6AA2FC005A8AAA;
					};
					7933D1AC1D6AA2FC005A8AAA = {
						CreatedOnToolsVersion = 7.3.1;
						TestTargetID = 7933D1881D6AA2FC005A8AAA;
					};
				};
			};
			buildConfigurationList = 7933D1841D6AA2FC005A8AAA /* Build configuration list for PBXProject "dirge" */;
			compatibilityVersion = "Xcode 3.2";
			developmentRegion = English;
			hasScannedForEncodings = 0;
			knownRegions = (
				en,
				Base,
			);
			mainGroup = 7933D1801D6AA2FC005A8AAA;
			productRefGroup = 7933D18A1D6AA2FC005A8AAA /* Products */;
			projectDirPath = "";
			projectRoot = "";
			targets = (
				7933D1881D6AA2FC005A8AAA /* dirge */,
				7933D1A11D6AA2FC005A8AAA /* dirgeTests */,
				7933D1AC1D6AA2FC005A8AAA /* dirgeUITests */,
			);
		};
/* End PBXProject section */

/* Begin PBXResourcesBuildPhase section */
		7933D1871D6AA2FC005A8AAA /* Resources */ = {
			isa = PBXResourcesBuildPhase;
			buildActionMask = 2147483647;
			files = (
				7933D19C1D6AA2FC005A8AAA /* LaunchScreen.storyboard in Resources */,
				7933D1991D6AA2FC005A8AAA /* Assets.xcassets in Resources */,
				7933D1971D6AA2FC005A8AAA /* Main.storyboard in Resources */,
			);
			runOnlyForDeploymentPostprocessing = 0;
		};
		7933D1A01D6AA2FC005A8AAA /* Resources */ = {
			isa = PBXResourcesBuildPhase;
			buildActionMask = 2147483647;
			files = (
			);
			runOnlyForDeploymentPostprocessing = 0;
		};
		7933D1AB1D6AA2FC005A8AAA /* Resources */ = {
			isa = PBXResourcesBuildPhase;
			buildActionMask = 2147483647;
			files = (
			);
			runOnlyForDeploymentPostprocessing = 0;
		};
/* End PBXResourcesBuildPhase section */

/* Begin PBXShellScriptBuildPhase section */
		19DBB3081516520A31E0D9E5 /* Check Pods Manifest.lock */ = {
			isa = PBXShellScriptBuildPhase;
			buildActionMask = 2147483647;
			files = (
			);
			inputPaths = (
			);
			name = "Check Pods Manifest.lock";
			outputPaths = (
			);
			runOnlyForDeploymentPostprocessing = 0;
			shellPath = /bin/sh;
			shellScript = "diff \"${PODS_ROOT}/../Podfile.lock\" \"${PODS_ROOT}/Manifest.lock\" > /dev/null\nif [[ $? != 0 ]] ; then\n    cat << EOM\nerror: The sandbox is not in sync with the Podfile.lock. Run 'pod install' or update your CocoaPods installation.\nEOM\n    exit 1\nfi\n";
			showEnvVarsInLog = 0;
		};
		681E8468BEBDF1C6C10C2ADE /* Copy Pods Resources */ = {
			isa = PBXShellScriptBuildPhase;
			buildActionMask = 2147483647;
			files = (
			);
			inputPaths = (
			);
			name = "Copy Pods Resources";
			outputPaths = (
			);
			runOnlyForDeploymentPostprocessing = 0;
			shellPath = /bin/sh;
			shellScript = "\"${SRCROOT}/Pods/Target Support Files/Pods/Pods-resources.sh\"\n";
			showEnvVarsInLog = 0;
		};
		B9D4DB7052D7C9A76D90E566 /* Embed Pods Frameworks */ = {
			isa = PBXShellScriptBuildPhase;
			buildActionMask = 2147483647;
			files = (
			);
			inputPaths = (
			);
			name = "Embed Pods Frameworks";
			outputPaths = (
			);
			runOnlyForDeploymentPostprocessing = 0;
			shellPath = /bin/sh;
			shellScript = "\"${SRCROOT}/Pods/Target Support Files/Pods/Pods-frameworks.sh\"\n";
			showEnvVarsInLog = 0;
		};
/* End PBXShellScriptBuildPhase section */

/* Begin PBXSourcesBuildPhase section */
		7933D1851D6AA2FC005A8AAA /* Sources */ = {
			isa = PBXSourcesBuildPhase;
			buildActionMask = 2147483647;
			files = (
				7933D1941D6AA2FC005A8AAA /* ViewController.m in Sources */,
				7933D1911D6AA2FC005A8AAA /* AppDelegate.m in Sources */,
				7933D18E1D6AA2FC005A8AAA /* main.m in Sources */,
			);
			runOnlyForDeploymentPostprocessing = 0;
		};
		7933D19E1D6AA2FC005A8AAA /* Sources */ = {
			isa = PBXSourcesBuildPhase;
			buildActionMask = 2147483647;
			files = (
				7933D1A71D6AA2FC005A8AAA /* dirgeTests.m in Sources */,
			);
			runOnlyForDeploymentPostprocessing = 0;
		};
		7933D1A91D6AA2FC005A8AAA /* Sources */ = {
			isa = PBXSourcesBuildPhase;
			buildActionMask = 2147483647;
			files = (
				7933D1B21D6AA2FC005A8AAA /* dirgeUITests.m in Sources */,
			);
			runOnlyForDeploymentPostprocessing = 0;
		};
/* End PBXSourcesBuildPhase section */

/* Begin PBXTargetDependency section */
		7933D1A41D6AA2FC005A8AAA /* PBXTargetDependency */ = {
			isa = PBXTargetDependency;
			target = 7933D1881D6AA2FC005A8AAA /* dirge */;
			targetProxy = 7933D1A31D6AA2FC005A8AAA /* PBXContainerItemProxy */;
		};
		7933D1AF1D6AA2FC005A8AAA /* PBXTargetDependency */ = {
			isa = PBXTargetDependency;
			target = 7933D1881D6AA2FC005A8AAA /* dirge */;
			targetProxy = 7933D1AE1D6AA2FC005A8AAA /* PBXContainerItemProxy */;
		};
/* End PBXTargetDependency section */

/* Begin PBXVariantGroup section */
		7933D1951D6AA2FC005A8AAA /* Main.storyboard */ = {
			isa = PBXVariantGroup;
			children = (
				7933D1961D6AA2FC005A8AAA /* Base */,
			);
			name = Main.storyboard;
			sourceTree = "<group>";
		};
		7933D19A1D6AA2FC005A8AAA /* LaunchScreen.storyboard */ = {
			isa = PBXVariantGroup;
			children = (
				7933D19B1D6AA2FC005A8AAA /* Base */,
			);
			name = LaunchScreen.storyboard;
			sourceTree = "<group>";
		};
/* End PBXVariantGroup section */

/* Begin XCBuildConfiguration section */
		7933D1B41D6AA2FC005A8AAA /* Debug */ = {
			isa = XCBuildConfiguration;
			buildSettings = {
				ALWAYS_SEARCH_USER_PATHS = NO;
				CLANG_ANALYZER_NONNULL = YES;
				CLANG_CXX_LANGUAGE_STANDARD = "gnu++0x";
				CLANG_CXX_LIBRARY = "libc++";
				CLANG_ENABLE_MODULES = YES;
				CLANG_ENABLE_OBJC_ARC = YES;
				CLANG_WARN_BOOL_CONVERSION = YES;
				CLANG_WARN_CONSTANT_CONVERSION = YES;
				CLANG_WARN_DIRECT_OBJC_ISA_USAGE = YES_ERROR;
				CLANG_WARN_EMPTY_BODY = YES;
				CLANG_WARN_ENUM_CONVERSION = YES;
				CLANG_WARN_INT_CONVERSION = YES;
				CLANG_WARN_OBJC_ROOT_CLASS = YES_ERROR;
				CLANG_WARN_UNREACHABLE_CODE = YES;
				CLANG_WARN__DUPLICATE_METHOD_MATCH = YES;
				"CODE_SIGN_IDENTITY[sdk=iphoneos*]" = "iPhone Developer";
				COPY_PHASE_STRIP = NO;
				DEBUG_INFORMATION_FORMAT = dwarf;
				ENABLE_STRICT_OBJC_MSGSEND = YES;
				ENABLE_TESTABILITY = YES;
				GCC_C_LANGUAGE_STANDARD = gnu99;
				GCC_DYNAMIC_NO_PIC = NO;
				GCC_NO_COMMON_BLOCKS = YES;
				GCC_OPTIMIZATION_LEVEL = 0;
				GCC_PREPROCESSOR_DEFINITIONS = (
					"DEBUG=1",
					"$(inherited)",
				);
				GCC_WARN_64_TO_32_BIT_CONVERSION = YES;
				GCC_WARN_ABOUT_RETURN_TYPE = YES_ERROR;
				GCC_WARN_UNDECLARED_SELECTOR = YES;
				GCC_WARN_UNINITIALIZED_AUTOS = YES_AGGRESSIVE;
				GCC_WARN_UNUSED_FUNCTION = YES;
				GCC_WARN_UNUSED_VARIABLE = YES;
				IPHONEOS_DEPLOYMENT_TARGET = 9.3;
				MTL_ENABLE_DEBUG_INFO = YES;
				ONLY_ACTIVE_ARCH = YES;
				SDKROOT = iphoneos;
			};
			name = Debug;
		};
		7933D1B51D6AA2FC005A8AAA /* Release */ = {
			isa = XCBuildConfiguration;
			buildSettings = {
				ALWAYS_SEARCH_USER_PATHS = NO;
				CLANG_ANALYZER_NONNULL = YES;
				CLANG_CXX_LANGUAGE_STANDARD = "gnu++0x";
				CLANG_CXX_LIBRARY = "libc++";
				CLANG_ENABLE_MODULES = YES;
				CLANG_ENABLE_OBJC_ARC = YES;
				CLANG_WARN_BOOL_CONVERSION = YES;
				CLANG_WARN_CONSTANT_CONVERSION = YES;
				CLANG_WARN_DIRECT_OBJC_ISA_USAGE = YES_ERROR;
				CLANG_WARN_EMPTY_BODY = YES;
				CLANG_WARN_ENUM_CONVERSION = YES;
				CLANG_WARN_INT_CONVERSION = YES;
				CLANG_WARN_OBJC_ROOT_CLASS = YES_ERROR;
				CLANG_WARN_UNREACHABLE_CODE = YES;
				CLANG_WARN__DUPLICATE_METHOD_MATCH = YES;
				"CODE_SIGN_IDENTITY[sdk=iphoneos*]" = "iPhone Developer";
				COPY_PHASE_STRIP = NO;
				DEBUG_INFORMATION_FORMAT = "dwarf-with-dsym";
				ENABLE_NS_ASSERTIONS = NO;
				ENABLE_STRICT_OBJC_MSGSEND = YES;
				GCC_C_LANGUAGE_STANDARD = gnu99;
				GCC_NO_COMMON_BLOCKS = YES;
				GCC_WARN_64_TO_32_BIT_CONVERSION = YES;
				GCC_WARN_ABOUT_RETURN_TYPE = YES_ERROR;
				GCC_WARN_UNDECLARED_SELECTOR = YES;
				GCC_WARN_UNINITIALIZED_AUTOS = YES_AGGRESSIVE;
				GCC_WARN_UNUSED_FUNCTION = YES;
				GCC_WARN_UNUSED_VARIABLE = YES;
				IPHONEOS_DEPLOYMENT_TARGET = 9.3;
				MTL_ENABLE_DEBUG_INFO = NO;
				SDKROOT = iphoneos;
				VALIDATE_PRODUCT = YES;
			};
			name = Release;
		};
		7933D1B71D6AA2FC005A8AAA /* Debug */ = {
			isa = XCBuildConfiguration;
			baseConfigurationReference = 46F69768021909FC4AC054E4 /* Pods.debug.xcconfig */;
			buildSettings = {
				ASSETCATALOG_COMPILER_APPICON_NAME = AppIcon;
				INFOPLIST_FILE = dirge/Info.plist;
				LD_RUNPATH_SEARCH_PATHS = "$(inherited) @executable_path/Frameworks";
				PRODUCT_BUNDLE_IDENTIFIER = com.LinearPlus.HiFunfuck;
				PRODUCT_NAME = "$(TARGET_NAME)";
			};
			name = Debug;
		};
		7933D1B81D6AA2FC005A8AAA /* Release */ = {
			isa = XCBuildConfiguration;
			baseConfigurationReference = D5885E61B6A160A11E254BC1 /* Pods.release.xcconfig */;
			buildSettings = {
				ASSETCATALOG_COMPILER_APPICON_NAME = AppIcon;
				INFOPLIST_FILE = dirge/Info.plist;
				LD_RUNPATH_SEARCH_PATHS = "$(inherited) @executable_path/Frameworks";
				PRODUCT_BUNDLE_IDENTIFIER = com.LinearPlus.HiFunfuck;
				PRODUCT_NAME = "$(TARGET_NAME)";
			};
			name = Release;
		};
		7933D1BA1D6AA2FC005A8AAA /* Debug */ = {
			isa = XCBuildConfiguration;
			buildSettings = {
				BUNDLE_LOADER = "$(TEST_HOST)";
				INFOPLIST_FILE = dirgeTests/Info.plist;
				LD_RUNPATH_SEARCH_PATHS = "$(inherited) @executable_path/Frameworks @loader_path/Frameworks";
				PRODUCT_BUNDLE_IDENTIFIER = com.LinearPlus.HiFunfuck.dirgeTests;
				PRODUCT_NAME = "$(TARGET_NAME)";
				TEST_HOST = "$(BUILT_PRODUCTS_DIR)/dirge.app/dirge";
			};
			name = Debug;
		};
		7933D1BB1D6AA2FC005A8AAA /* Release */ = {
			isa = XCBuildConfiguration;
			buildSettings = {
				BUNDLE_LOADER = "$(TEST_HOST)";
				INFOPLIST_FILE = dirgeTests/Info.plist;
				LD_RUNPATH_SEARCH_PATHS = "$(inherited) @executable_path/Frameworks @loader_path/Frameworks";
				PRODUCT_BUNDLE_IDENTIFIER = com.LinearPlus.HiFunfuck.dirgeTests;
				PRODUCT_NAME = "$(TARGET_NAME)";
				TEST_HOST = "$(BUILT_PRODUCTS_DIR)/dirge.app/dirge";
			};
			name = Release;
		};
		7933D1BD1D6AA2FC005A8AAA /* Debug */ = {
			isa = XCBuildConfiguration;
			buildSettings = {
				INFOPLIST_FILE = dirgeUITests/Info.plist;
				LD_RUNPATH_SEARCH_PATHS = "$(inherited) @executable_path/Frameworks @loader_path/Frameworks";
				PRODUCT_BUNDLE_IDENTIFIER = com.LinearPlus.HiFunfuck.dirgeUITests;
				PRODUCT_NAME = "$(TARGET_NAME)";
				TEST_TARGET_NAME = dirge;
			};
			name = Debug;
		};
		7933D1BE1D6AA2FC005A8AAA /* Release */ = {
			isa = XCBuildConfiguration;
			buildSettings = {
				INFOPLIST_FILE = dirgeUITests/Info.plist;
				LD_RUNPATH_SEARCH_PATHS = "$(inherited) @executable_path/Frameworks @loader_path/Frameworks";
				PRODUCT_BUNDLE_IDENTIFIER = com.LinearPlus.HiFunfuck.dirgeUITests;
				PRODUCT_NAME = "$(TARGET_NAME)";
				TEST_TARGET_NAME = dirge;
			};
			name = Release;
		};
/* End XCBuildConfiguration section */

/* Begin XCConfigurationList section */
		7933D1841D6AA2FC005A8AAA /* Build configuration list for PBXProject "dirge" */ = {
			isa = XCConfigurationList;
			buildConfigurations = (
				7933D1B41D6AA2FC005A8AAA /* Debug */,
				7933D1B51D6AA2FC005A8AAA /* Release */,
			);
			defaultConfigurationIsVisible = 0;
			defaultConfigurationName = Release;
		};
		7933D1B61D6AA2FC005A8AAA /* Build configuration list for PBXNativeTarget "dirge" */ = {
			isa = XCConfigurationList;
			buildConfigurations = (
				7933D1B71D6AA2FC005A8AAA /* Debug */,
				7933D1B81D6AA2FC005A8AAA /* Release */,
			);
			defaultConfigurationIsVisible = 0;
			defaultConfigurationName = Release;
		};
		7933D1B91D6AA2FC005A8AAA /* Build configuration list for PBXNativeTarget "dirgeTests" */ = {
			isa = XCConfigurationList;
			buildConfigurations = (
				7933D1BA1D6AA2FC005A8AAA /* Debug */,
				7933D1BB1D6AA2FC005A8AAA /* Release */,
			);
			defaultConfigurationIsVisible = 0;
			defaultConfigurationName = Release;
		};
		7933D1BC1D6AA2FC005A8AAA /* Build configuration list for PBXNativeTarget "dirgeUITests" */ = {
			isa = XCConfigurationList;
			buildConfigurations = (
				7933D1BD1D6AA2FC005A8AAA /* Debug */,
				7933D1BE1D6AA2FC005A8AAA /* Release */,
			);
			defaultConfigurationIsVisible = 0;
			defaultConfigurationName = Release;
		};
/* End XCConfigurationList section */
	};
	rootObject = 7933D1811D6AA2FC005A8AAA /* Project object */;
}
